
Microsoft Visual Studio Solution File, Format Version 12.00
# Visual Studio Version 16
VisualStudioVersion = 16.0.30114.105
MinimumVisualStudioVersion = 10.0.40219.1
Project("{FAE04EC0-301F-11D3-BF4B-00C04F79EFBC}") = "project-tigers.Api", "project-tigers.Api\project-tigers.Api.csproj", "{667B7BBC-6E25-4109-AF03-52331E2578D4}"
EndProject
Project("{FAE04EC0-301F-11D3-BF4B-00C04F79EFBC}") = "project-tigers.Domain", "project-tigers.Domain\project-tigers.Domain.csproj", "{5A0B4AAA-0318-49F6-8196-F97AD0BEB6EB}"
EndProject
Project("{FAE04EC0-301F-11D3-BF4B-00C04F79EFBC}") = "project-tigers.Data", "project-tigers.Data\project-tigers.Data.csproj", "{7370BBAF-0DF8-4DDC-A045-4FE0B011413A}"
EndProject
Global
	GlobalSection(SolutionConfigurationPlatforms) = preSolution
		Debug|Any CPU = Debug|Any CPU
		Release|Any CPU = Release|Any CPU
	EndGlobalSection
	GlobalSection(SolutionProperties) = preSolution
		HideSolutionNode = FALSE
	EndGlobalSection
	GlobalSection(ProjectConfigurationPlatforms) = postSolution
		{667B7BBC-6E25-4109-AF03-52331E2578D4}.Debug|Any CPU.ActiveCfg = Debug|Any CPU
		{667B7BBC-6E25-4109-AF03-52331E2578D4}.Debug|Any CPU.Build.0 = Debug|Any CPU
		{667B7BBC-6E25-4109-AF03-52331E2578D4}.Release|Any CPU.ActiveCfg = Release|Any CPU
		{667B7BBC-6E25-4109-AF03-52331E2578D4}.Release|Any CPU.Build.0 = Release|Any CPU
		{5A0B4AAA-0318-49F6-8196-F97AD0BEB6EB}.Debug|Any CPU.ActiveCfg = Debug|Any CPU
		{5A0B4AAA-0318-49F6-8196-F97AD0BEB6EB}.Debug|Any CPU.Build.0 = Debug|Any CPU
		{5A0B4AAA-0318-49F6-8196-F97AD0BEB6EB}.Release|Any CPU.ActiveCfg = Release|Any CPU
		{5A0B4AAA-0318-49F6-8196-F97AD0BEB6EB}.Release|Any CPU.Build.0 = Release|Any CPU
		{7370BBAF-0DF8-4DDC-A045-4FE0B011413A}.Debug|Any CPU.ActiveCfg = Debug|Any CPU
		{7370BBAF-0DF8-4DDC-A045-4FE0B011413A}.Debug|Any CPU.Build.0 = Debug|Any CPU
		{7370BBAF-0DF8-4DDC-A045-4FE0B011413A}.Release|Any CPU.ActiveCfg = Release|Any CPU
		{7370BBAF-0DF8-4DDC-A045-4FE0B011413A}.Release|Any CPU.Build.0 = Release|Any CPU
	EndGlobalSection
EndGlobal
